// !$*UTF8*$!
{
	archiveVersion = 1;
	classes = {
	};
	objectVersion = 51;
	objects = {

/* Begin PBXBuildFile section */
		072C3C39E8448733FE35F66F /* Pods_Realmbeginner.framework in Frameworks */ = {isa = PBXBuildFile; fileRef = 559863977F674D510408777C /* Pods_Realmbeginner.framework */; };
		CF3D9E89269C50F8002B98C5 /* AppDelegate.swift in Sources */ = {isa = PBXBuildFile; fileRef = CF3D9E88269C50F8002B98C5 /* AppDelegate.swift */; };
		CF3D9E8B269C50F8002B98C5 /* SceneDelegate.swift in Sources */ = {isa = PBXBuildFile; fileRef = CF3D9E8A269C50F8002B98C5 /* SceneDelegate.swift */; };
		CF3D9E8D269C50F8002B98C5 /* ViewController.swift in Sources */ = {isa = PBXBuildFile; fileRef = CF3D9E8C269C50F8002B98C5 /* ViewController.swift */; };
		CF3D9E90269C50F8002B98C5 /* Main.storyboard in Resources */ = {isa = PBXBuildFile; fileRef = CF3D9E8E269C50F8002B98C5 /* Main.storyboard */; };
		CF3D9E92269C50FC002B98C5 /* Assets.xcassets in Resources */ = {isa = PBXBuildFile; fileRef = CF3D9E91269C50FC002B98C5 /* Assets.xcassets */; };
		CF3D9E95269C50FC002B98C5 /* LaunchScreen.storyboard in Resources */ = {isa = PBXBuildFile; fileRef = CF3D9E93269C50FC002B98C5 /* LaunchScreen.storyboard */; };
		CFDFF37F26A0101F00250FC0 /* Person.swift in Sources */ = {isa = PBXBuildFile; fileRef = CFDFF37E26A0101F00250FC0 /* Person.swift */; };
/* End PBXBuildFile section */

/* Begin PBXFileReference section */
		1D989F0A0B6FA388F86DF5A6 /* Pods-Realmbeginner.debug.xcconfig */ = {isa = PBXFileReference; includeInIndex = 1; lastKnownFileType = text.xcconfig; name = "Pods-Realmbeginner.debug.xcconfig"; path = "Target Support Files/Pods-Realmbeginner/Pods-Realmbeginner.debug.xcconfig"; sourceTree = "<group>"; };
		559863977F674D510408777C /* Pods_Realmbeginner.framework */ = {isa = PBXFileReference; explicitFileType = wrapper.framework; includeInIndex = 0; path = Pods_Realmbeginner.framework; sourceTree = BUILT_PRODUCTS_DIR; };
		870399BC594D3C9F53487D1A /* Pods-Realmbeginner.release.xcconfig */ = {isa = PBXFileReference; includeInIndex = 1; lastKnownFileType = text.xcconfig; name = "Pods-Realmbeginner.release.xcconfig"; path = "Target Support Files/Pods-Realmbeginner/Pods-Realmbeginner.release.xcconfig"; sourceTree = "<group>"; };
		CF3D9E85269C50F8002B98C5 /* Realmbeginner.app */ = {isa = PBXFileReference; explicitFileType = wrapper.application; includeInIndex = 0; path = Realmbeginner.app; sourceTree = BUILT_PRODUCTS_DIR; };
		CF3D9E88269C50F8002B98C5 /* AppDelegate.swift */ = {isa = PBXFileReference; lastKnownFileType = sourcecode.swift; path = AppDelegate.swift; sourceTree = "<group>"; };
		CF3D9E8A269C50F8002B98C5 /* SceneDelegate.swift */ = {isa = PBXFileReference; lastKnownFileType = sourcecode.swift; path = SceneDelegate.swift; sourceTree = "<group>"; };
		CF3D9E8C269C50F8002B98C5 /* ViewController.swift */ = {isa = PBXFileReference; lastKnownFileType = sourcecode.swift; path = ViewController.swift; sourceTree = "<group>"; };
		CF3D9E8F269C50F8002B98C5 /* Base */ = {isa = PBXFileReference; lastKnownFileType = file.storyboard; name = Base; path = Base.lproj/Main.storyboard; sourceTree = "<group>"; };
		CF3D9E91269C50FC002B98C5 /* Assets.xcassets */ = {isa = PBXFileReference; lastKnownFileType = folder.assetcatalog; path = Assets.xcassets; sourceTree = "<group>"; };
		CF3D9E94269C50FC002B98C5 /* Base */ = {isa = PBXFileReference; lastKnownFileType = file.storyboard; name = Base; path = Base.lproj/LaunchScreen.storyboard; sourceTree = "<group>"; };
		CF3D9E96269C50FC002B98C5 /* Info.plist */ = {isa = PBXFileReference; lastKnownFileType = text.plist.xml; path = Info.plist; sourceTree = "<group>"; };
		CFDFF37E26A0101F00250FC0 /* Person.swift */ = {isa = PBXFileReference; lastKnownFileType = sourcecode.swift; path = Person.swift; sourceTree = "<group>"; };
/* End PBXFileReference section */

/* Begin PBXFrameworksBuildPhase section */
		CF3D9E82269C50F8002B98C5 /* Frameworks */ = {
			isa = PBXFrameworksBuildPhase;
			buildActionMask = 2147483647;
			files = (
				072C3C39E8448733FE35F66F /* Pods_Realmbeginner.framework in Frameworks */,
			);
			runOnlyForDeploymentPostprocessing = 0;
		};
/* End PBXFrameworksBuildPhase section */

/* Begin PBXGroup section */
		1F10363AFA6EEADEB33F9564 /* Pods */ = {
			isa = PBXGroup;
			children = (
				1D989F0A0B6FA388F86DF5A6 /* Pods-Realmbeginner.debug.xcconfig */,
				870399BC594D3C9F53487D1A /* Pods-Realmbeginner.release.xcconfig */,
			);
			path = Pods;
			sourceTree = "<group>";
		};
		712458F4C923A71D0B3A3444 /* Frameworks */ = {
			isa = PBXGroup;
			children = (
				559863977F674D510408777C /* Pods_Realmbeginner.framework */,
			);
			name = Frameworks;
			sourceTree = "<group>";
		};
		CF3D9E7C269C50F8002B98C5 = {
			isa = PBXGroup;
			children = (
				CF3D9E87269C50F8002B98C5 /* Realmbeginner */,
				CF3D9E86269C50F8002B98C5 /* Products */,
				1F10363AFA6EEADEB33F9564 /* Pods */,
				712458F4C923A71D0B3A3444 /* Frameworks */,
			);
			sourceTree = "<group>";
		};
		CF3D9E86269C50F8002B98C5 /* Products */ = {
			isa = PBXGroup;
			children = (
				CF3D9E85269C50F8002B98C5 /* Realmbeginner.app */,
			);
			name = Products;
			sourceTree = "<group>";
		};
		CF3D9E87269C50F8002B98C5 /* Realmbeginner */ = {
			isa = PBXGroup;
			children = (
				CF3D9E88269C50F8002B98C5 /* AppDelegate.swift */,
				CF3D9E8A269C50F8002B98C5 /* SceneDelegate.swift */,
				CF3D9E8C269C50F8002B98C5 /* ViewController.swift */,
				CFDFF37E26A0101F00250FC0 /* Person.swift */,
				CF3D9E8E269C50F8002B98C5 /* Main.storyboard */,
				CF3D9E91269C50FC002B98C5 /* Assets.xcassets */,
				CF3D9E93269C50FC002B98C5 /* LaunchScreen.storyboard */,
				CF3D9E96269C50FC002B98C5 /* Info.plist */,
			);
			path = Realmbeginner;
			sourceTree = "<group>";
		};
/* End PBXGroup section */

/* Begin PBXNativeTarget section */
		CF3D9E84269C50F8002B98C5 /* Realmbeginner */ = {
			isa = PBXNativeTarget;
			buildConfigurationList = CF3D9E99269C50FC002B98C5 /* Build configuration list for PBXNativeTarget "Realmbeginner" */;
			buildPhases = (
				5ED82EE106B91E0D08F5001D /* [CP] Check Pods Manifest.lock */,
				CF3D9E81269C50F8002B98C5 /* Sources */,
				CF3D9E82269C50F8002B98C5 /* Frameworks */,
				CF3D9E83269C50F8002B98C5 /* Resources */,
				D5945CDC47A0C624412A9905 /* [CP] Embed Pods Frameworks */,
			);
			buildRules = (
			);
			dependencies = (
			);
			name = Realmbeginner;
			productName = Realmbeginner;
			productReference = CF3D9E85269C50F8002B98C5 /* Realmbeginner.app */;
			productType = "com.apple.product-type.application";
		};
/* End PBXNativeTarget section */

/* Begin PBXProject section */
		CF3D9E7D269C50F8002B98C5 /* Project object */ = {
			isa = PBXProject;
			attributes = {
				LastSwiftUpdateCheck = 1250;
				LastUpgradeCheck = 1250;
				TargetAttributes = {
					CF3D9E84269C50F8002B98C5 = {
						CreatedOnToolsVersion = 12.5;
					};
				};
			};
			buildConfigurationList = CF3D9E80269C50F8002B98C5 /* Build configuration list for PBXProject "Realmbeginner" */;
			compatibilityVersion = "Xcode 9.3";
			developmentRegion = en;
			hasScannedForEncodings = 0;
			knownRegions = (
				en,
				Base,
			);
			mainGroup = CF3D9E7C269C50F8002B98C5;
			productRefGroup = CF3D9E86269C50F8002B98C5 /* Products */;
			projectDirPath = "";
			projectRoot = "";
			targets = (
				CF3D9E84269C50F8002B98C5 /* Realmbeginner */,
			);
		};
/* End PBXProject section */

/* Begin PBXResourcesBuildPhase section */
		CF3D9E83269C50F8002B98C5 /* Resources */ = {
			isa = PBXResourcesBuildPhase;
			buildActionMask = 2147483647;
			files = (
				CF3D9E95269C50FC002B98C5 /* LaunchScreen.storyboard in Resources */,
				CF3D9E92269C50FC002B98C5 /* Assets.xcassets in Resources */,
				CF3D9E90269C50F8002B98C5 /* Main.storyboard in Resources */,
			);
			runOnlyForDeploymentPostprocessing = 0;
		};
/* End PBXResourcesBuildPhase section */

/* Begin PBXShellScriptBuildPhase section */
		5ED82EE106B91E0D08F5001D /* [CP] Check Pods Manifest.lock */ = {
			isa = PBXShellScriptBuildPhase;
			buildActionMask = 2147483647;
			files = (
			);
			inputFileListPaths = (
			);
			inputPaths = (
				"${PODS_PODFILE_DIR_PATH}/Podfile.lock",
				"${PODS_ROOT}/Manifest.lock",
			);
			name = "[CP] Check Pods Manifest.lock";
			outputFileListPaths = (
			);
			outputPaths = (
				"$(DERIVED_FILE_DIR)/Pods-Realmbeginner-checkManifestLockResult.txt",
			);
			runOnlyForDeploymentPostprocessing = 0;
			shellPath = /bin/sh;
			shellScript = "diff \"${PODS_PODFILE_DIR_PATH}/Podfile.lock\" \"${PODS_ROOT}/Manifest.lock\" > /dev/null\nif [ $? != 0 ] ; then\n    # print error to STDERR\n    echo \"error: The sandbox is not in sync with the Podfile.lock. Run 'pod install' or update your CocoaPods installation.\" >&2\n    exit 1\nfi\n# This output is used by Xcode 'outputs' to avoid re-running this script phase.\necho \"SUCCESS\" > \"${SCRIPT_OUTPUT_FILE_0}\"\n";
			showEnvVarsInLog = 0;
		};
		D5945CDC47A0C624412A9905 /* [CP] Embed Pods Frameworks */ = {
			isa = PBXShellScriptBuildPhase;
			buildActionMask = 2147483647;
			files = (
			);
			inputFileListPaths = (
				"${PODS_ROOT}/Target Support Files/Pods-Realmbeginner/Pods-Realmbeginner-frameworks-${CONFIGURATION}-input-files.xcfilelist",
			);
			name = "[CP] Embed Pods Frameworks";
			outputFileListPaths = (
				"${PODS_ROOT}/Target Support Files/Pods-Realmbeginner/Pods-Realmbeginner-frameworks-${CONFIGURATION}-output-files.xcfilelist",
			);
			runOnlyForDeploymentPostprocessing = 0;
			shellPath = /bin/sh;
			shellScript = "\"${PODS_ROOT}/Target Support Files/Pods-Realmbeginner/Pods-Realmbeginner-frameworks.sh\"\n";
			showEnvVarsInLog = 0;
		};
/* End PBXShellScriptBuildPhase section */

/* Begin PBXSourcesBuildPhase section */
		CF3D9E81269C50F8002B98C5 /* Sources */ = {
			isa = PBXSourcesBuildPhase;
			buildActionMask = 2147483647;
			files = (
				CF3D9E8D269C50F8002B98C5 /* ViewController.swift in Sources */,
				CF3D9E89269C50F8002B98C5 /* AppDelegate.swift in Sources */,
				CFDFF37F26A0101F00250FC0 /* Person.swift in Sources */,
				CF3D9E8B269C50F8002B98C5 /* SceneDelegate.swift in Sources */,
			);
			runOnlyForDeploymentPostprocessing = 0;
		};
/* End PBXSourcesBuildPhase section */

/* Begin PBXVariantGroup section */
		CF3D9E8E269C50F8002B98C5 /* Main.storyboard */ = {
			isa = PBXVariantGroup;
			children = (
				CF3D9E8F269C50F8002B98C5 /* Base */,
			);
			name = Main.storyboard;
			sourceTree = "<group>";
		};
		CF3D9E93269C50FC002B98C5 /* LaunchScreen.storyboard */ = {
			isa = PBXVariantGroup;
			children = (
				CF3D9E94269C50FC002B98C5 /* Base */,
			);
			name = LaunchScreen.storyboard;
			sourceTree = "<group>";
		};
/* End PBXVariantGroup section */

/* Begin XCBuildConfiguration section */
		CF3D9E97269C50FC002B98C5 /* Debug */ = {
			isa = XCBuildConfiguration;
			buildSettings = {
				ALWAYS_SEARCH_USER_PATHS = NO;
				CLANG_ANALYZER_NONNULL = YES;
				CLANG_ANALYZER_NUMBER_OBJECT_CONVERSION = YES_AGGRESSIVE;
				CLANG_CXX_LANGUAGE_STANDARD = "gnu++14";
				CLANG_CXX_LIBRARY = "libc++";
				CLANG_ENABLE_MODULES = YES;
				CLANG_ENABLE_OBJC_ARC = YES;
				CLANG_ENABLE_OBJC_WEAK = YES;
				CLANG_WARN_BLOCK_CAPTURE_AUTORELEASING = YES;
				CLANG_WARN_BOOL_CONVERSION = YES;
				CLANG_WARN_COMMA = YES;
				CLANG_WARN_CONSTANT_CONVERSION = YES;
				CLANG_WARN_DEPRECATED_OBJC_IMPLEMENTATIONS = YES;
				CLANG_WARN_DIRECT_OBJC_ISA_USAGE = YES_ERROR;
				CLANG_WARN_DOCUMENTATION_COMMENTS = YES;
				CLANG_WARN_EMPTY_BODY = YES;
				CLANG_WARN_ENUM_CONVERSION = YES;
				CLANG_WARN_INFINITE_RECURSION = YES;
				CLANG_WARN_INT_CONVERSION = YES;
				CLANG_WARN_NON_LITERAL_NULL_CONVERSION = YES;
				CLANG_WARN_OBJC_IMPLICIT_RETAIN_SELF = YES;
				CLANG_WARN_OBJC_LITERAL_CONVERSION = YES;
				CLANG_WARN_OBJC_ROOT_CLASS = YES_ERROR;
				CLANG_WARN_QUOTED_INCLUDE_IN_FRAMEWORK_HEADER = YES;
				CLANG_WARN_RANGE_LOOP_ANALYSIS = YES;
				CLANG_WARN_STRICT_PROTOTYPES = YES;
				CLANG_WARN_SUSPICIOUS_MOVE = YES;
				CLANG_WARN_UNGUARDED_AVAILABILITY = YES_AGGRESSIVE;
				CLANG_WARN_UNREACHABLE_CODE = YES;
				CLANG_WARN__DUPLICATE_METHOD_MATCH = YES;
				COPY_PHASE_STRIP = NO;
				DEBUG_INFORMATION_FORMAT = dwarf;
				ENABLE_STRICT_OBJC_MSGSEND = YES;
				ENABLE_TESTABILITY = YES;
				GCC_C_LANGUAGE_STANDARD = gnu11;
				GCC_DYNAMIC_NO_PIC = NO;
				GCC_NO_COMMON_BLOCKS = YES;
				GCC_OPTIMIZATION_LEVEL = 0;
				GCC_PREPROCESSOR_DEFINITIONS = (
					"DEBUG=1",
					"$(inherited)",
				);
				GCC_WARN_64_TO_32_BIT_CONVERSION = YES;
				GCC_WARN_ABOUT_RETURN_TYPE = YES_ERROR;
				GCC_WARN_UNDECLARED_SELECTOR = YES;
				GCC_WARN_UNINITIALIZED_AUTOS = YES_AGGRESSIVE;
				GCC_WARN_UNUSED_FUNCTION = YES;
				GCC_WARN_UNUSED_VARIABLE = YES;
				IPHONEOS_DEPLOYMENT_TARGET = 14.5;
				MTL_ENABLE_DEBUG_INFO = INCLUDE_SOURCE;
				MTL_FAST_MATH = YES;
				ONLY_ACTIVE_ARCH = YES;
				SDKROOT = iphoneos;
				SWIFT_ACTIVE_COMPILATION_CONDITIONS = DEBUG;
				SWIFT_OPTIMIZATION_LEVEL = "-Onone";
			};
			name = Debug;
		};
		CF3D9E98269C50FC002B98C5 /* Release */ = {
			isa = XCBuildConfiguration;
			buildSettings = {
				ALWAYS_SEARCH_USER_PATHS = NO;
				CLANG_ANALYZER_NONNULL = YES;
				CLANG_ANALYZER_NUMBER_OBJECT_CONVERSION = YES_AGGRESSIVE;
				CLANG_CXX_LANGUAGE_STANDARD = "gnu++14";
				CLANG_CXX_LIBRARY = "libc++";
				CLANG_ENABLE_MODULES = YES;
				CLANG_ENABLE_OBJC_ARC = YES;
				CLANG_ENABLE_OBJC_WEAK = YES;
				CLANG_WARN_BLOCK_CAPTURE_AUTORELEASING = YES;
				CLANG_WARN_BOOL_CONVERSION = YES;
				CLANG_WARN_COMMA = YES;
				CLANG_WARN_CONSTANT_CONVERSION = YES;
				CLANG_WARN_DEPRECATED_OBJC_IMPLEMENTATIONS = YES;
				CLANG_WARN_DIRECT_OBJC_ISA_USAGE = YES_ERROR;
				CLANG_WARN_DOCUMENTATION_COMMENTS = YES;
				CLANG_WARN_EMPTY_BODY = YES;
				CLANG_WARN_ENUM_CONVERSION = YES;
				CLANG_WARN_INFINITE_RECURSION = YES;
				CLANG_WARN_INT_CONVERSION = YES;
				CLANG_WARN_NON_LITERAL_NULL_CONVERSION = YES;
				CLANG_WARN_OBJC_IMPLICIT_RETAIN_SELF = YES;
				CLANG_WARN_OBJC_LITERAL_CONVERSION = YES;
				CLANG_WARN_OBJC_ROOT_CLASS = YES_ERROR;
				CLANG_WARN_QUOTED_INCLUDE_IN_FRAMEWORK_HEADER = YES;
				CLANG_WARN_RANGE_LOOP_ANALYSIS = YES;
				CLANG_WARN_STRICT_PROTOTYPES = YES;
				CLANG_WARN_SUSPICIOUS_MOVE = YES;
				CLANG_WARN_UNGUARDED_AVAILABILITY = YES_AGGRESSIVE;
				CLANG_WARN_UNREACHABLE_CODE = YES;
				CLANG_WARN__DUPLICATE_METHOD_MATCH = YES;
				COPY_PHASE_STRIP = NO;
				DEBUG_INFORMATION_FORMAT = "dwarf-with-dsym";
				ENABLE_NS_ASSERTIONS = NO;
				ENABLE_STRICT_OBJC_MSGSEND = YES;
				GCC_C_LANGUAGE_STANDARD = gnu11;
				GCC_NO_COMMON_BLOCKS = YES;
				GCC_WARN_64_TO_32_BIT_CONVERSION = YES;
				GCC_WARN_ABOUT_RETURN_TYPE = YES_ERROR;
				GCC_WARN_UNDECLARED_SELECTOR = YES;
				GCC_WARN_UNINITIALIZED_AUTOS = YES_AGGRESSIVE;
				GCC_WARN_UNUSED_FUNCTION = YES;
				GCC_WARN_UNUSED_VARIABLE = YES;
				IPHONEOS_DEPLOYMENT_TARGET = 14.5;
				MTL_ENABLE_DEBUG_INFO = NO;
				MTL_FAST_MATH = YES;
				SDKROOT = iphoneos;
				SWIFT_COMPILATION_MODE = wholemodule;
				SWIFT_OPTIMIZATION_LEVEL = "-O";
				VALIDATE_PRODUCT = YES;
			};
			name = Release;
		};
		CF3D9E9A269C50FC002B98C5 /* Debug */ = {
			isa = XCBuildConfiguration;
			baseConfigurationReference = 1D989F0A0B6FA388F86DF5A6 /* Pods-Realmbeginner.debug.xcconfig */;
			buildSettings = {
				ASSETCATALOG_COMPILER_APPICON_NAME = AppIcon;
				ASSETCATALOG_COMPILER_GLOBAL_ACCENT_COLOR_NAME = AccentColor;
				CODE_SIGN_STYLE = Automatic;
				DEVELOPMENT_TEAM = XS2R7967QT;
				INFOPLIST_FILE = Realmbeginner/Info.plist;
				LD_RUNPATH_SEARCH_PATHS = (
					"$(inherited)",
					"@executable_path/Frameworks",
				);
				PRODUCT_BUNDLE_IDENTIFIER = cow.iwaski.Realmbeginner;
				PRODUCT_NAME = "$(TARGET_NAME)";
				SWIFT_VERSION = 5.0;
				TARGETED_DEVICE_FAMILY = "1,2";
			};
			name = Debug;
		};
		CF3D9E9B269C50FC002B98C5 /* Release */ = {
			isa = XCBuildConfiguration;
			baseConfigurationReference = 870399BC594D3C9F53487D1A /* Pods-Realmbeginner.release.xcconfig */;
			buildSettings = {
				ASSETCATALOG_COMPILER_APPICON_NAME = AppIcon;
				ASSETCATALOG_COMPILER_GLOBAL_ACCENT_COLOR_NAME = AccentColor;
				CODE_SIGN_STYLE = Automatic;
				DEVELOPMENT_TEAM = XS2R7967QT;
				INFOPLIST_FILE = Realmbeginner/Info.plist;
				LD_RUNPATH_SEARCH_PATHS = (
					"$(inherited)",
					"@executable_path/Frameworks",
				);
				PRODUCT_BUNDLE_IDENTIFIER = cow.iwaski.Realmbeginner;
				PRODUCT_NAME = "$(TARGET_NAME)";
				SWIFT_VERSION = 5.0;
				TARGETED_DEVICE_FAMILY = "1,2";
			};
			name = Release;
		};
/* End XCBuildConfiguration section */

/* Begin XCConfigurationList section */
		CF3D9E80269C50F8002B98C5 /* Build configuration list for PBXProject "Realmbeginner" */ = {
			isa = XCConfigurationList;
			buildConfigurations = (
				CF3D9E97269C50FC002B98C5 /* Debug */,
				CF3D9E98269C50FC002B98C5 /* Release */,
			);
			defaultConfigurationIsVisible = 0;
			defaultConfigurationName = Release;
		};
		CF3D9E99269C50FC002B98C5 /* Build configuration list for PBXNativeTarget "Realmbeginner" */ = {
			isa = XCConfigurationList;
			buildConfigurations = (
				CF3D9E9A269C50FC002B98C5 /* Debug */,
				CF3D9E9B269C50FC002B98C5 /* Release */,
			);
			defaultConfigurationIsVisible = 0;
			defaultConfigurationName = Release;
		};
/* End XCConfigurationList section */
	};
	rootObject = CF3D9E7D269C50F8002B98C5 /* Project object */;
}
